{
    "_readme": [
        "This file locks the dependencies of your project to a known state",
        "Read more about it at http://getcomposer.org/doc/01-basic-usage.md#composer-lock-the-lock-file",
        "This file is @generated automatically"
    ],
    "hash": "3b0325572496ac72c51275ee43cba57a",
    "packages": [
        {
            "name": "joomla/application",
            "version": "dev-2.0-dev",
            "source": {
                "type": "git",
                "url": "https://github.com/joomla-framework/application.git",
                "reference": "8cac25a153c39ed9dd06e5ef6dde45a01ddd4741"
            },
            "dist": {
                "type": "zip",
                "url": "https://api.github.com/repos/joomla-framework/application/zipball/8cac25a153c39ed9dd06e5ef6dde45a01ddd4741",
                "reference": "8cac25a153c39ed9dd06e5ef6dde45a01ddd4741",
                "shasum": ""
            },
            "require": {
                "joomla/input": "~1.2",
                "joomla/registry": "2.0.*@dev",
                "php": ">=5.3.10",
                "psr/log": "~1.0"
            },
            "require-dev": {
                "joomla/session": "~1.1",
                "joomla/test": "~1.1",
                "joomla/uri": "~1.1",
                "phpunit/phpunit": "4.*",
                "squizlabs/php_codesniffer": "1.*"
            },
            "suggest": {
                "joomla/session": "To use AbstractWebApplication with session support, install joomla/session",
                "joomla/uri": "To use AbstractWebApplication, install joomla/uri"
            },
            "type": "joomla-package",
            "extra": {
                "branch-alias": {
                    "dev-2.0-dev": "2.0-dev"
                }
            },
            "autoload": {
                "psr-4": {
                    "Joomla\\Application\\": "src/"
                }
            },
            "notification-url": "https://packagist.org/downloads/",
            "license": [
                "GPL-2.0+"
            ],
            "description": "Joomla Application Package",
            "homepage": "https://github.com/joomla-framework/application",
            "keywords": [
                "application",
                "framework",
                "joomla"
            ],
            "time": "2015-03-24 22:51:59"
        },
        {
            "name": "joomla/compat",
            "version": "1.2.0",
            "source": {
                "type": "git",
                "url": "https://github.com/joomla-framework/compat.git",
                "reference": "f23565fe0184517778996226eb4b2333deb369c4"
            },
            "dist": {
                "type": "zip",
                "url": "https://api.github.com/repos/joomla-framework/compat/zipball/f23565fe0184517778996226eb4b2333deb369c4",
                "reference": "f23565fe0184517778996226eb4b2333deb369c4",
                "shasum": ""
            },
            "require": {
                "php": ">=5.3.10"
            },
            "type": "joomla-package",
            "autoload": {
                "classmap": [
                    "src/JsonSerializable.php",
                    "src/CallbackFilterIterator.php"
                ]
            },
            "notification-url": "https://packagist.org/downloads/",
            "license": [
                "GPL-2.0+"
            ],
            "description": "Joomla Compat Package",
            "homepage": "https://github.com/joomla-framework/compat",
            "keywords": [
                "compat",
                "framework",
                "joomla"
            ],
            "time": "2015-02-24 00:21:06"
        },
        {
            "name": "joomla/controller",
            "version": "dev-2.0-dev",
            "source": {
                "type": "git",
                "url": "https://github.com/joomla-framework/controller.git",
                "reference": "e2b8f1981e6a7107af693c354546023199451339"
            },
            "dist": {
                "type": "zip",
                "url": "https://api.github.com/repos/joomla-framework/controller/zipball/e2b8f1981e6a7107af693c354546023199451339",
                "reference": "e2b8f1981e6a7107af693c354546023199451339",
                "shasum": ""
            },
            "require": {
                "php": ">=5.3.10"
            },
            "require-dev": {
                "joomla/application": "~1.0",
                "joomla/input": "~1.0",
                "joomla/test": "~1.0",
                "phpunit/phpunit": "4.*",
                "squizlabs/php_codesniffer": "1.*"
            },
            "suggest": {
                "joomla/application": "~1.0",
                "joomla/input": "~1.0"
            },
            "type": "joomla-package",
            "extra": {
                "branch-alias": {
                    "dev-2.0-dev": "2.0-dev"
                }
            },
            "autoload": {
                "psr-4": {
                    "Joomla\\Controller\\": "src/",
                    "Joomla\\Controller\\Tests\\": "Tests/"
                }
            },
            "notification-url": "https://packagist.org/downloads/",
            "license": [
                "GPL-2.0+"
            ],
            "description": "Joomla Controller Package",
            "homepage": "https://github.com/joomla-framework/controller",
            "keywords": [
                "controller",
                "framework",
                "joomla"
            ],
            "time": "2015-03-19 03:13:33"
        },
        {
            "name": "joomla/database",
            "version": "dev-2.0-dev",
            "source": {
                "type": "git",
                "url": "https://github.com/joomla-framework/database.git",
                "reference": "116c555e73e91c2855c938e6bd021d782f9025b9"
            },
            "dist": {
                "type": "zip",
                "url": "https://api.github.com/repos/joomla-framework/database/zipball/116c555e73e91c2855c938e6bd021d782f9025b9",
                "reference": "116c555e73e91c2855c938e6bd021d782f9025b9",
                "shasum": ""
            },
            "require": {
                "php": ">=5.3.10",
                "psr/log": "~1.0"
            },
            "require-dev": {
                "joomla/di": "~1.0",
                "joomla/registry": "~1.0",
                "joomla/test": "~1.0",
                "phpunit/dbunit": "~1.2",
                "phpunit/phpunit": "4.*",
                "squizlabs/php_codesniffer": "1.*"
            },
            "suggest": {
                "joomla/di": "To use the Database ServiceProviderInterface objects, install joomla/di."
            },
            "type": "joomla-package",
            "extra": {
                "branch-alias": {
                    "dev-2.0-dev": "2.0-dev"
                }
            },
            "autoload": {
                "psr-4": {
                    "Joomla\\Database\\": "src/",
                    "Joomla\\Database\\Tests\\": "Tests/"
                }
            },
            "notification-url": "https://packagist.org/downloads/",
            "license": [
                "GPL-2.0+"
            ],
            "description": "Joomla Database Package",
            "homepage": "https://github.com/joomla-framework/database",
            "keywords": [
                "database",
                "framework",
                "joomla"
            ],
            "time": "2015-03-24 00:23:40"
        },
        {
            "name": "joomla/di",
            "version": "dev-2.0-dev",
            "source": {
                "type": "git",
                "url": "https://github.com/joomla-framework/di.git",
                "reference": "6ec62fb2b6881c7ba0fb74ba6d3156f8c6d16685"
            },
            "dist": {
                "type": "zip",
                "url": "https://api.github.com/repos/joomla-framework/di/zipball/6ec62fb2b6881c7ba0fb74ba6d3156f8c6d16685",
                "reference": "6ec62fb2b6881c7ba0fb74ba6d3156f8c6d16685",
                "shasum": ""
            },
            "require": {
                "php": ">=5.3.10"
            },
            "require-dev": {
                "phpunit/phpunit": "4.*",
                "squizlabs/php_codesniffer": "1.*"
            },
            "type": "joomla-package",
            "extra": {
                "branch-alias": {
                    "dev-2.0-dev": "2.0-dev"
                }
            },
            "autoload": {
                "psr-4": {
                    "Joomla\\DI\\": "src/",
                    "Joomla\\DI\\Tests\\": "Tests/"
                }
            },
            "notification-url": "https://packagist.org/downloads/",
            "license": [
                "GPL-2.0+"
            ],
            "description": "Joomla DI Package",
            "homepage": "https://github.com/joomla-framework/di",
            "keywords": [
                "container",
                "dependency injection",
                "di",
                "framework",
                "ioc",
                "joomla"
            ],
            "time": "2015-03-19 03:11:35"
        },
        {
            "name": "joomla/event",
            "version": "1.1.1",
            "source": {
                "type": "git",
                "url": "https://github.com/joomla-framework/event.git",
                "reference": "bb957bc45aba897e465384bbe21cd0eb79aca901"
            },
            "dist": {
                "type": "zip",
                "url": "https://api.github.com/repos/joomla-framework/event/zipball/bb957bc45aba897e465384bbe21cd0eb79aca901",
                "reference": "bb957bc45aba897e465384bbe21cd0eb79aca901",
                "shasum": ""
            },
            "require": {
                "php": ">=5.3.10"
            },
            "type": "joomla-package",
            "autoload": {
                "psr-4": {
                    "Joomla\\Event\\": "src/",
                    "Joomla\\Event\\Tests\\": "Tests/"
                }
            },
            "notification-url": "https://packagist.org/downloads/",
            "license": [
                "GPL-2.0+"
            ],
            "description": "Joomla Event Package",
            "homepage": "https://github.com/joomla-framework/event",
            "keywords": [
                "event",
                "framework",
                "joomla"
            ],
            "time": "2014-02-09 01:30:54"
        },
        {
            "name": "joomla/filesystem",
            "version": "1.2.0",
            "source": {
                "type": "git",
                "url": "https://github.com/joomla-framework/filesystem.git",
                "reference": "31884adf5470baf14de74bfd36482fd18ae048ad"
            },
            "dist": {
                "type": "zip",
                "url": "https://api.github.com/repos/joomla-framework/filesystem/zipball/31884adf5470baf14de74bfd36482fd18ae048ad",
                "reference": "31884adf5470baf14de74bfd36482fd18ae048ad",
                "shasum": ""
            },
            "require": {
                "php": ">=5.3.10"
            },
            "type": "joomla-package",
            "autoload": {
                "psr-4": {
                    "Joomla\\Filesystem\\": "src/",
                    "Joomla\\Filesystem\\Tests\\": "Tests/"
                }
            },
            "notification-url": "https://packagist.org/downloads/",
            "license": [
                "GPL-2.0+"
            ],
            "description": "Joomla Filesystem Package",
            "homepage": "https://github.com/joomla/joomla-framework-filesystem",
            "keywords": [
                "filesystem",
                "framework",
                "joomla"
            ],
            "time": "2014-04-10 02:54:58"
        },
        {
            "name": "joomla/filter",
            "version": "1.1.5",
            "source": {
                "type": "git",
                "url": "https://github.com/joomla-framework/filter.git",
                "reference": "ed6d695a81e71508782ab8d711498c684465b041"
            },
            "dist": {
                "type": "zip",
                "url": "https://api.github.com/repos/joomla-framework/filter/zipball/ed6d695a81e71508782ab8d711498c684465b041",
                "reference": "ed6d695a81e71508782ab8d711498c684465b041",
                "shasum": ""
            },
            "require": {
                "php": ">=5.3.10"
            },
            "require-dev": {
                "joomla/language": "~1.0",
                "joomla/string": "~1.0",
                "phpunit/phpunit": "4.*",
                "squizlabs/php_codesniffer": "1.*"
            },
            "suggest": {
                "joomla/language": "Required only if you want to use `OutputFilter::stringURLSafe`.",
                "joomla/string": "Required only if you want to use `OutputFilter::stringURLSafe` and `OutputFilter::stringURLUnicodeSlug`."
            },
            "type": "joomla-package",
            "extra": {
                "branch-alias": {
                    "dev-master": "1.x-dev"
                }
            },
            "autoload": {
                "psr-4": {
                    "Joomla\\Filter\\": "src/",
                    "Joomla\\Filter\\Tests\\": "Tests/"
                }
            },
            "notification-url": "https://packagist.org/downloads/",
            "license": [
                "GPL-2.0+"
            ],
            "description": "Joomla Filter Package",
            "homepage": "https://github.com/joomla-framework/filter",
            "keywords": [
                "filter",
                "framework",
                "joomla"
            ],
            "time": "2014-12-12 21:46:44"
        },
        {
            "name": "joomla/form",
            "version": "dev-master",
            "source": {
                "type": "git",
                "url": "https://github.com/joomla-framework/form.git",
                "reference": "302bedf5cd980d9a40a45156527670d43d324d98"
            },
            "dist": {
                "type": "zip",
                "url": "https://api.github.com/repos/joomla-framework/form/zipball/302bedf5cd980d9a40a45156527670d43d324d98",
                "reference": "302bedf5cd980d9a40a45156527670d43d324d98",
                "shasum": ""
            },
            "require": {
                "joomla/filesystem": "~1.0",
                "joomla/filter": "~1.0",
                "joomla/language": "2.0.*@dev",
                "joomla/registry": "~1.0|2.0.*@dev",
                "joomla/string": "~1.0",
                "joomla/uri": "~1.0",
                "joomla/utilities": "~1.0",
                "php": ">=5.3.10"
            },
            "require-dev": {
                "joomla/database": "~1.0",
                "joomla/test": "~1.0",
                "phpunit/dbunit": "~1.0",
                "phpunit/phpunit": "~4.1.0",
                "squizlabs/php_codesniffer": "1.*"
            },
            "suggest": {
                "joomla/database": "Install joomla/database if you would like to use the DatabaseConnection field type."
            },
            "type": "joomla-package",
            "extra": {
                "branch-alias": {
                    "dev-master": "2.x-dev"
                }
            },
            "autoload": {
                "psr-4": {
                    "Joomla\\Form\\": "src/"
                }
            },
            "notification-url": "https://packagist.org/downloads/",
            "license": [
                "GPL-2.0+"
            ],
            "description": "Joomla Form Package",
            "homepage": "https://github.com/joomla-framework/form",
            "keywords": [
                "form",
                "framework",
                "joomla"
            ],
            "time": "2015-03-19 03:10:03"
        },
        {
            "name": "joomla/input",
            "version": "1.2.0",
            "source": {
                "type": "git",
                "url": "https://github.com/joomla-framework/input.git",
                "reference": "b6098276043e2d627221fe54d3c91232e6679d0f"
            },
            "dist": {
                "type": "zip",
                "url": "https://api.github.com/repos/joomla-framework/input/zipball/b6098276043e2d627221fe54d3c91232e6679d0f",
                "reference": "b6098276043e2d627221fe54d3c91232e6679d0f",
                "shasum": ""
            },
            "require": {
                "joomla/filter": "~1.0",
                "php": ">=5.3.10"
            },
            "require-dev": {
                "joomla/test": "~1.0",
                "phpunit/phpunit": "4.*",
                "squizlabs/php_codesniffer": "1.*"
            },
            "type": "joomla-package",
            "extra": {
                "branch-alias": {
                    "dev-master": "1.x-dev"
                }
            },
            "autoload": {
                "psr-4": {
                    "Joomla\\Input\\": "src/",
                    "Joomla\\Input\\Tests\\": "Tests/"
                }
            },
            "notification-url": "https://packagist.org/downloads/",
            "license": [
                "GPL-2.0+"
            ],
            "description": "Joomla Input Package",
            "homepage": "https://github.com/joomla-framework/input",
            "keywords": [
                "framework",
                "input",
                "joomla"
            ],
            "time": "2014-10-12 18:01:36"
        },
        {
            "name": "joomla/language",
            "version": "dev-2.0-dev",
            "source": {
                "type": "git",
                "url": "https://github.com/joomla-framework/language.git",
                "reference": "3714cd53a0c6c8fca56bda0babdd6d44366ea128"
            },
            "dist": {
                "type": "zip",
                "url": "https://api.github.com/repos/joomla-framework/language/zipball/3714cd53a0c6c8fca56bda0babdd6d44366ea128",
                "reference": "3714cd53a0c6c8fca56bda0babdd6d44366ea128",
                "shasum": ""
            },
            "require": {
                "joomla/string": "~1.3|2.0.*@dev",
                "php": ">=5.3.10"
            },
            "require-dev": {
                "joomla/di": "~1.0",
                "joomla/registry": "2.0.*@dev",
                "joomla/test": "~1.0",
                "phpunit/phpunit": "4.*",
                "squizlabs/php_codesniffer": "1.*"
            },
            "suggest": {
                "joomla/di": "To use the Language ServiceProviderInterface objects, install joomla/di."
            },
            "type": "joomla-package",
            "extra": {
                "branch-alias": {
                    "dev-2.0-dev": "2.0-dev"
                }
            },
            "autoload": {
                "psr-4": {
                    "Joomla\\Language\\": "src/",
                    "Joomla\\Language\\Tests\\": "tests/"
                }
            },
            "notification-url": "https://packagist.org/downloads/",
            "license": [
                "GPL-2.0+"
            ],
            "description": "Joomla Language Package",
            "homepage": "https://github.com/joomla-framework/language",
            "keywords": [
                "framework",
                "joomla",
                "language"
            ],
            "time": "2015-03-26 01:12:29"
        },
        {
            "name": "joomla/model",
            "version": "dev-2.0-dev",
            "source": {
                "type": "git",
                "url": "https://github.com/joomla-framework/model.git",
                "reference": "38c1139965d63a44dec6ee769495d794f4206091"
            },
            "dist": {
                "type": "zip",
                "url": "https://api.github.com/repos/joomla-framework/model/zipball/38c1139965d63a44dec6ee769495d794f4206091",
                "reference": "38c1139965d63a44dec6ee769495d794f4206091",
                "shasum": ""
            },
            "require": {
                "joomla/registry": "2.0.*@dev",
                "php": ">=5.3.10"
            },
            "require-dev": {
                "joomla/database": "~1.0",
                "joomla/test": "~1.0",
                "phpunit/phpunit": "4.*",
                "squizlabs/php_codesniffer": "1.*"
            },
            "suggest": {
                "joomla/database": "Allows using database models"
            },
            "type": "joomla-package",
            "extra": {
                "branch-alias": {
                    "dev-2.0-dev": "2.0-dev"
                }
            },
            "autoload": {
                "psr-4": {
                    "Joomla\\Model\\": "src/",
                    "Joomla\\Model\\Tests\\": "Tests/"
                }
            },
            "notification-url": "https://packagist.org/downloads/",
            "license": [
                "GPL-2.0+"
            ],
            "description": "Joomla Model Package",
            "homepage": "https://github.com/joomla-framework/model",
            "keywords": [
                "framework",
                "joomla",
                "model"
            ],
            "time": "2015-03-19 03:03:00"
        },
        {
            "name": "joomla/profiler",
            "version": "dev-2.0-dev",
            "source": {
                "type": "git",
                "url": "https://github.com/joomla-framework/profiler.git",
                "reference": "1e7410c447bd0ab69f306bbe0c56377e4a4c8f52"
            },
            "dist": {
                "type": "zip",
                "url": "https://api.github.com/repos/joomla-framework/profiler/zipball/1e7410c447bd0ab69f306bbe0c56377e4a4c8f52",
                "reference": "1e7410c447bd0ab69f306bbe0c56377e4a4c8f52",
                "shasum": ""
            },
            "require": {
                "php": ">=5.3.10"
            },
            "require-dev": {
                "joomla/test": "~1.0",
                "phpunit/phpunit": "4.*",
                "squizlabs/php_codesniffer": "1.*"
            },
            "type": "joomla-package",
            "extra": {
                "branch-alias": {
                    "dev-2.0-dev": "2.0-dev"
                }
            },
            "autoload": {
                "psr-4": {
                    "Joomla\\Profiler\\": "src/",
                    "Joomla\\Profiler\\Tests\\": "Tests/"
                }
            },
            "notification-url": "https://packagist.org/downloads/",
            "license": [
                "GPL-2.0+"
            ],
            "description": "Joomla Profiler Package",
            "homepage": "https://github.com/joomla-framework/profiler",
            "keywords": [
                "framework",
                "joomla",
                "profiler"
            ],
            "time": "2015-03-19 03:01:37"
        },
        {
            "name": "joomla/registry",
            "version": "dev-2.0-dev",
            "source": {
                "type": "git",
                "url": "https://github.com/joomla-framework/registry.git",
                "reference": "1d260bbd8abfb3b75e07dcba3f8f39210c00a2d7"
            },
            "dist": {
                "type": "zip",
                "url": "https://api.github.com/repos/joomla-framework/registry/zipball/1d260bbd8abfb3b75e07dcba3f8f39210c00a2d7",
                "reference": "1d260bbd8abfb3b75e07dcba3f8f39210c00a2d7",
                "shasum": ""
            },
            "require": {
                "joomla/compat": "~1.0",
                "joomla/string": "~1.2",
                "joomla/utilities": "~1.0",
                "php": ">=5.3.10"
            },
            "require-dev": {
                "joomla/test": "~1.0",
                "phpunit/phpunit": "4.*",
                "squizlabs/php_codesniffer": "1.*",
                "symfony/yaml": "~2.0"
            },
            "suggest": {
                "symfony/yaml": "Install 2.* if you require YAML support."
            },
            "type": "joomla-package",
            "extra": {
                "branch-alias": {
                    "dev-2.0-dev": "2.0-dev"
                }
            },
            "autoload": {
                "psr-4": {
                    "Joomla\\Registry\\": "src/",
                    "Joomla\\Registry\\Tests\\": "Tests/"
                }
            },
            "notification-url": "https://packagist.org/downloads/",
            "license": [
                "GPL-2.0+"
            ],
            "description": "Joomla Registry Package",
            "homepage": "https://github.com/joomla-framework/registry",
            "keywords": [
                "framework",
                "joomla",
                "registry"
            ],
            "time": "2015-03-19 03:15:18"
        },
        {
            "name": "joomla/renderer",
            "version": "dev-master",
            "source": {
                "type": "git",
                "url": "https://github.com/joomla-framework/renderer.git",
                "reference": "38dd02e7099cf0a3e6c0d6eff79caddfb1bc3893"
            },
            "dist": {
                "type": "zip",
                "url": "https://api.github.com/repos/joomla-framework/renderer/zipball/38dd02e7099cf0a3e6c0d6eff79caddfb1bc3893",
                "reference": "38dd02e7099cf0a3e6c0d6eff79caddfb1bc3893",
                "shasum": ""
            },
            "require": {
                "php": ">=5.3.10"
            },
            "require-dev": {
                "league/plates": "~2.0",
                "mustache/mustache": "~2.0",
                "squizlabs/php_codesniffer": "1.*",
                "symfony/templating": "~2.0",
                "twig/twig": "~1.0"
            },
            "suggest": {
                "league/plates": "Install ~2.0 if you are using the Plates template engine.",
                "mustache/mustache": "Install ~2.0 if you are using the Mustache template engine.",
                "symfony/templating": "Install ~2.0 if you are using Symfony's PHP template component.",
                "twig/twig": "Install ~1.0 if you are using the Twig template engine."
            },
            "type": "joomla-package",
            "extra": {
                "branch-alias": {
                    "dev-master": "2.x-dev"
                }
            },
            "autoload": {
                "psr-4": {
                    "Joomla\\Renderer\\": "src/"
                }
            },
            "notification-url": "https://packagist.org/downloads/",
            "license": [
                "LGPL-2.1+"
            ],
            "description": "Joomla Renderer Package",
            "homepage": "https://github.com/joomla-framework/renderer",
            "keywords": [
                "framework",
                "joomla",
                "renderer"
            ],
            "time": "2015-03-19 02:58:18"
        },
        {
            "name": "joomla/session",
            "version": "1.2.3",
            "target-dir": "Joomla/Session",
            "source": {
                "type": "git",
                "url": "https://github.com/joomla-framework/session.git",
                "reference": "ef955cf9642793c4ad5874f334069051c33ba604"
            },
            "dist": {
                "type": "zip",
                "url": "https://api.github.com/repos/joomla-framework/session/zipball/ef955cf9642793c4ad5874f334069051c33ba604",
                "reference": "ef955cf9642793c4ad5874f334069051c33ba604",
                "shasum": ""
            },
            "require": {
                "joomla/event": "~1.1",
                "joomla/filter": "~1.0",
                "php": ">=5.3.10"
            },
            "require-dev": {
                "joomla/test": "~1.0"
            },
            "suggest": {
                "joomla/database": "Install joomla/database if you want to use Database session storage."
            },
            "type": "joomla-package",
            "autoload": {
                "psr-0": {
                    "Joomla\\Session": ""
                }
            },
            "notification-url": "https://packagist.org/downloads/",
            "license": [
                "GPL-2.0+"
            ],
            "description": "Joomla Session Package",
            "homepage": "https://github.com/joomla-framework/session",
            "keywords": [
                "framework",
                "joomla",
                "session"
            ],
            "time": "2014-08-18 17:41:06"
        },
        {
            "name": "joomla/string",
            "version": "1.3.0",
            "source": {
                "type": "git",
                "url": "https://github.com/joomla-framework/string.git",
                "reference": "0df8ead8c726a1f648e624d3bcbef8cf05c1d0da"
            },
            "dist": {
                "type": "zip",
                "url": "https://api.github.com/repos/joomla-framework/string/zipball/0df8ead8c726a1f648e624d3bcbef8cf05c1d0da",
                "reference": "0df8ead8c726a1f648e624d3bcbef8cf05c1d0da",
                "shasum": ""
            },
            "require": {
                "php": ">=5.3.10"
            },
            "require-dev": {
                "joomla/test": "~1.0",
                "phpunit/phpunit": "4.*",
                "squizlabs/php_codesniffer": "1.*"
            },
            "type": "joomla-package",
            "extra": {
                "branch-alias": {
                    "dev-master": "1.x-dev"
                }
            },
            "autoload": {
                "psr-4": {
                    "Joomla\\String\\": "src/",
                    "Joomla\\String\\Tests\\": "Tests/"
                }
            },
            "notification-url": "https://packagist.org/downloads/",
            "license": [
                "GPL-2.0+"
            ],
            "description": "Joomla String Package",
            "homepage": "https://github.com/joomla-framework/string",
            "keywords": [
                "framework",
                "joomla",
                "string"
            ],
            "time": "2015-03-26 01:02:20"
        },
        {
            "name": "joomla/uri",
            "version": "1.1.1",
            "source": {
                "type": "git",
                "url": "https://github.com/joomla-framework/uri.git",
                "reference": "980e532e4235bb8f1ada15b28822abbeb171da3f"
            },
            "dist": {
                "type": "zip",
                "url": "https://api.github.com/repos/joomla-framework/uri/zipball/980e532e4235bb8f1ada15b28822abbeb171da3f",
                "reference": "980e532e4235bb8f1ada15b28822abbeb171da3f",
                "shasum": ""
            },
            "require": {
                "php": ">=5.3.10"
            },
            "type": "joomla-package",
            "autoload": {
                "psr-4": {
                    "Joomla\\Uri\\": "src/",
                    "Joomla\\Uri\\Tests\\": "Tests/"
                }
            },
            "notification-url": "https://packagist.org/downloads/",
            "license": [
                "GPL-2.0+"
            ],
            "description": "Joomla Uri Package",
            "homepage": "https://github.com/joomla-framework/uri",
            "keywords": [
                "framework",
                "joomla",
                "uri"
            ],
            "time": "2014-02-09 02:57:17"
        },
        {
            "name": "joomla/utilities",
            "version": "1.3.2",
            "source": {
                "type": "git",
                "url": "https://github.com/joomla-framework/utilities.git",
                "reference": "2e7f37a69162fea02059c764a318a920121f8b4a"
            },
            "dist": {
                "type": "zip",
                "url": "https://api.github.com/repos/joomla-framework/utilities/zipball/2e7f37a69162fea02059c764a318a920121f8b4a",
                "reference": "2e7f37a69162fea02059c764a318a920121f8b4a",
                "shasum": ""
            },
            "require": {
                "joomla/string": "~1.0",
                "php": ">=5.3.10"
            },
            "require-dev": {
                "phpunit/phpunit": "4.*",
                "squizlabs/php_codesniffer": "1.*"
            },
            "type": "joomla-package",
            "extra": {
                "branch-alias": {
                    "dev-master": "1.x-dev"
                }
            },
            "autoload": {
                "psr-4": {
                    "Joomla\\Utilities\\": "src/",
                    "Joomla\\Utilities\\Tests\\": "Tests/"
                }
            },
            "notification-url": "https://packagist.org/downloads/",
            "license": [
                "GPL-2.0+"
            ],
            "description": "Joomla Utilities Package",
            "homepage": "https://github.com/joomla-framework/utilities",
            "keywords": [
                "framework",
                "joomla",
                "utilities"
            ],
            "time": "2015-03-16 18:50:58"
        },
        {
            "name": "joomla/view",
            "version": "dev-2.0-dev",
            "source": {
                "type": "git",
                "url": "https://github.com/joomla-framework/view.git",
                "reference": "f99773d3abcb8b475553900a37b9c601d7f56f64"
            },
            "dist": {
                "type": "zip",
                "url": "https://api.github.com/repos/joomla-framework/view/zipball/f99773d3abcb8b475553900a37b9c601d7f56f64",
                "reference": "f99773d3abcb8b475553900a37b9c601d7f56f64",
                "shasum": ""
            },
            "require": {
                "joomla/model": "2.0.*@dev",
                "joomla/renderer": "2.x@dev",
                "php": ">=5.3.10"
            },
            "require-dev": {
                "joomla/test": "1.*@stable",
                "phpunit/phpunit": "4.*@stable",
                "squizlabs/php_codesniffer": "1.*@stable"
            },
            "type": "joomla-package",
            "extra": {
                "branch-alias": {
                    "dev-2.0-dev": "2.0-dev"
                }
            },
            "autoload": {
                "psr-4": {
                    "Joomla\\View\\": "src/",
                    "Joomla\\View\\Tests\\": "Tests/"
                }
            },
            "notification-url": "https://packagist.org/downloads/",
            "license": [
                "GPL-2.0+"
            ],
            "description": "Joomla View Package",
            "homepage": "https://github.com/joomla-framework/view",
            "keywords": [
                "framework",
                "joomla",
                "view"
            ],
            "time": "2015-03-19 02:57:31"
        },
        {
            "name": "psr/log",
            "version": "1.0.0",
            "source": {
                "type": "git",
                "url": "https://github.com/php-fig/log.git",
                "reference": "fe0936ee26643249e916849d48e3a51d5f5e278b"
            },
            "dist": {
                "type": "zip",
                "url": "https://api.github.com/repos/php-fig/log/zipball/fe0936ee26643249e916849d48e3a51d5f5e278b",
                "reference": "fe0936ee26643249e916849d48e3a51d5f5e278b",
                "shasum": ""
            },
            "type": "library",
            "autoload": {
                "psr-0": {
                    "Psr\\Log\\": ""
                }
            },
            "notification-url": "https://packagist.org/downloads/",
            "license": [
                "MIT"
            ],
            "authors": [
                {
                    "name": "PHP-FIG",
                    "homepage": "http://www.php-fig.org/"
                }
            ],
            "description": "Common interface for logging libraries",
            "keywords": [
                "log",
                "psr",
                "psr-3"
            ],
            "time": "2012-12-21 11:40:51"
        }
    ],
    "packages-dev": [],
    "aliases": [],
    "minimum-stability": "stable",
    "stability-flags": {
        "joomla/application": 20,
        "joomla/controller": 20,
        "joomla/database": 20,
        "joomla/di": 20,
        "joomla/form": 20,
        "joomla/language": 20,
        "joomla/model": 20,
        "joomla/profiler": 20,
        "joomla/registry": 20,
        "joomla/renderer": 20,
        "joomla/view": 20
    },
    "prefer-stable": false,
    "prefer-lowest": false,
    "platform": {
        "php": ">=5.4"
    },
    "platform-dev": []
}
